// !$*UTF8*$!
{
	archiveVersion = 1;
	classes = {
	};
	objectVersion = 46;
	objects = {

/* Begin PBXBuildFile section */
		750337C2195DBFB800720881 /* AppDelegate.swift in Sources */ = {isa = PBXBuildFile; fileRef = 750337C1195DBFB800720881 /* AppDelegate.swift */; };
		750337C4195DBFB800720881 /* ViewController.swift in Sources */ = {isa = PBXBuildFile; fileRef = 750337C3195DBFB800720881 /* ViewController.swift */; };
		750337C7195DBFB800720881 /* Main.storyboard in Resources */ = {isa = PBXBuildFile; fileRef = 750337C5195DBFB800720881 /* Main.storyboard */; };
		750337C9195DBFB800720881 /* Images.xcassets in Resources */ = {isa = PBXBuildFile; fileRef = 750337C8195DBFB800720881 /* Images.xcassets */; };
		750337D5195DBFB800720881 /* Japa_ProgressTests.swift in Sources */ = {isa = PBXBuildFile; fileRef = 750337D4195DBFB800720881 /* Japa_ProgressTests.swift */; };
		7568860E195DCAA0006428EC /* PreferencesViewController.swift in Sources */ = {isa = PBXBuildFile; fileRef = 7568860D195DCAA0006428EC /* PreferencesViewController.swift */; };
/* End PBXBuildFile section */

/* Begin PBXContainerItemProxy section */
		750337CF195DBFB800720881 /* PBXContainerItemProxy */ = {
			isa = PBXContainerItemProxy;
			containerPortal = 750337B4195DBFB700720881 /* Project object */;
			proxyType = 1;
			remoteGlobalIDString = 750337BB195DBFB700720881;
			remoteInfo = "Japa-Progress";
		};
/* End PBXContainerItemProxy section */

/* Begin PBXFileReference section */
		750337BC195DBFB800720881 /* Japa-Progress.app */ = {isa = PBXFileReference; explicitFileType = wrapper.application; includeInIndex = 0; path = "Japa-Progress.app"; sourceTree = BUILT_PRODUCTS_DIR; };
		750337C0195DBFB800720881 /* Info.plist */ = {isa = PBXFileReference; lastKnownFileType = text.plist.xml; path = Info.plist; sourceTree = "<group>"; };
		750337C1195DBFB800720881 /* AppDelegate.swift */ = {isa = PBXFileReference; lastKnownFileType = sourcecode.swift; path = AppDelegate.swift; sourceTree = "<group>"; };
		750337C3195DBFB800720881 /* ViewController.swift */ = {isa = PBXFileReference; lastKnownFileType = sourcecode.swift; path = ViewController.swift; sourceTree = "<group>"; };
		750337C6195DBFB800720881 /* Base */ = {isa = PBXFileReference; lastKnownFileType = file.storyboard; name = Base; path = Base.lproj/Main.storyboard; sourceTree = "<group>"; };
		750337C8195DBFB800720881 /* Images.xcassets */ = {isa = PBXFileReference; lastKnownFileType = folder.assetcatalog; path = Images.xcassets; sourceTree = "<group>"; };
		750337CE195DBFB800720881 /* Japa-ProgressTests.xctest */ = {isa = PBXFileReference; explicitFileType = wrapper.cfbundle; includeInIndex = 0; path = "Japa-ProgressTests.xctest"; sourceTree = BUILT_PRODUCTS_DIR; };
		750337D3195DBFB800720881 /* Info.plist */ = {isa = PBXFileReference; lastKnownFileType = text.plist.xml; path = Info.plist; sourceTree = "<group>"; };
		750337D4195DBFB800720881 /* Japa_ProgressTests.swift */ = {isa = PBXFileReference; lastKnownFileType = sourcecode.swift; path = Japa_ProgressTests.swift; sourceTree = "<group>"; };
		7568860D195DCAA0006428EC /* PreferencesViewController.swift */ = {isa = PBXFileReference; fileEncoding = 4; lastKnownFileType = sourcecode.swift; path = PreferencesViewController.swift; sourceTree = "<group>"; };
		75ADC655195DD17B0016AE08 /* ViewConroller.h */ = {isa = PBXFileReference; lastKnownFileType = sourcecode.c.h; path = ViewConroller.h; sourceTree = "<group>"; };
/* End PBXFileReference section */

/* Begin PBXFrameworksBuildPhase section */
		750337B9195DBFB700720881 /* Frameworks */ = {
			isa = PBXFrameworksBuildPhase;
			buildActionMask = 2147483647;
			files = (
			);
			runOnlyForDeploymentPostprocessing = 0;
		};
		750337CB195DBFB800720881 /* Frameworks */ = {
			isa = PBXFrameworksBuildPhase;
			buildActionMask = 2147483647;
			files = (
			);
			runOnlyForDeploymentPostprocessing = 0;
		};
/* End PBXFrameworksBuildPhase section */

/* Begin PBXGroup section */
		750337B3195DBFB700720881 = {
			isa = PBXGroup;
			children = (
				750337BE195DBFB800720881 /* Japa-Progress */,
				750337D1195DBFB800720881 /* Japa-ProgressTests */,
				750337BD195DBFB800720881 /* Products */,
			);
			sourceTree = "<group>";
		};
		750337BD195DBFB800720881 /* Products */ = {
			isa = PBXGroup;
			children = (
				750337BC195DBFB800720881 /* Japa-Progress.app */,
				750337CE195DBFB800720881 /* Japa-ProgressTests.xctest */,
			);
			name = Products;
			sourceTree = "<group>";
		};
		750337BE195DBFB800720881 /* Japa-Progress */ = {
			isa = PBXGroup;
			children = (
				750337C1195DBFB800720881 /* AppDelegate.swift */,
				7568860D195DCAA0006428EC /* PreferencesViewController.swift */,
				75ADC655195DD17B0016AE08 /* ViewConroller.h */,
				750337C3195DBFB800720881 /* ViewController.swift */,
				750337C5195DBFB800720881 /* Main.storyboard */,
				750337C8195DBFB800720881 /* Images.xcassets */,
				750337BF195DBFB800720881 /* Supporting Files */,
			);
			path = "Japa-Progress";
			sourceTree = "<group>";
		};
		750337BF195DBFB800720881 /* Supporting Files */ = {
			isa = PBXGroup;
			children = (
				750337C0195DBFB800720881 /* Info.plist */,
			);
			name = "Supporting Files";
			sourceTree = "<group>";
		};
		750337D1195DBFB800720881 /* Japa-ProgressTests */ = {
			isa = PBXGroup;
			children = (
				750337D4195DBFB800720881 /* Japa_ProgressTests.swift */,
				750337D2195DBFB800720881 /* Supporting Files */,
			);
			path = "Japa-ProgressTests";
			sourceTree = "<group>";
		};
		750337D2195DBFB800720881 /* Supporting Files */ = {
			isa = PBXGroup;
			children = (
				750337D3195DBFB800720881 /* Info.plist */,
			);
			name = "Supporting Files";
			sourceTree = "<group>";
		};
/* End PBXGroup section */

/* Begin PBXNativeTarget section */
		750337BB195DBFB700720881 /* Japa-Progress */ = {
			isa = PBXNativeTarget;
			buildConfigurationList = 750337D8195DBFB800720881 /* Build configuration list for PBXNativeTarget "Japa-Progress" */;
			buildPhases = (
				750337B8195DBFB700720881 /* Sources */,
				750337B9195DBFB700720881 /* Frameworks */,
				750337BA195DBFB700720881 /* Resources */,
			);
			buildRules = (
			);
			dependencies = (
			);
			name = "Japa-Progress";
			productName = "Japa-Progress";
			productReference = 750337BC195DBFB800720881 /* Japa-Progress.app */;
			productType = "com.apple.product-type.application";
		};
		750337CD195DBFB800720881 /* Japa-ProgressTests */ = {
			isa = PBXNativeTarget;
			buildConfigurationList = 750337DB195DBFB800720881 /* Build configuration list for PBXNativeTarget "Japa-ProgressTests" */;
			buildPhases = (
				750337CA195DBFB800720881 /* Sources */,
				750337CB195DBFB800720881 /* Frameworks */,
				750337CC195DBFB800720881 /* Resources */,
			);
			buildRules = (
			);
			dependencies = (
				750337D0195DBFB800720881 /* PBXTargetDependency */,
			);
			name = "Japa-ProgressTests";
			productName = "Japa-ProgressTests";
			productReference = 750337CE195DBFB800720881 /* Japa-ProgressTests.xctest */;
			productType = "com.apple.product-type.bundle.unit-test";
		};
/* End PBXNativeTarget section */

/* Begin PBXProject section */
		750337B4195DBFB700720881 /* Project object */ = {
			isa = PBXProject;
			attributes = {
				LastSwiftUpdateCheck = 0700;
				LastUpgradeCheck = 0600;
				ORGANIZATIONNAME = 007;
				TargetAttributes = {
					750337BB195DBFB700720881 = {
						CreatedOnToolsVersion = 6.0;
					};
					750337CD195DBFB800720881 = {
						CreatedOnToolsVersion = 6.0;
						TestTargetID = 750337BB195DBFB700720881;
					};
				};
			};
			buildConfigurationList = 750337B7195DBFB700720881 /* Build configuration list for PBXProject "Japa-Progress" */;
			compatibilityVersion = "Xcode 3.2";
			developmentRegion = English;
			hasScannedForEncodings = 0;
			knownRegions = (
				en,
				Base,
			);
			mainGroup = 750337B3195DBFB700720881;
			productRefGroup = 750337BD195DBFB800720881 /* Products */;
			projectDirPath = "";
			projectRoot = "";
			targets = (
				750337BB195DBFB700720881 /* Japa-Progress */,
				750337CD195DBFB800720881 /* Japa-ProgressTests */,
			);
		};
/* End PBXProject section */

/* Begin PBXResourcesBuildPhase section */
		750337BA195DBFB700720881 /* Resources */ = {
			isa = PBXResourcesBuildPhase;
			buildActionMask = 2147483647;
			files = (
				750337C7195DBFB800720881 /* Main.storyboard in Resources */,
				750337C9195DBFB800720881 /* Images.xcassets in Resources */,
			);
			runOnlyForDeploymentPostprocessing = 0;
		};
		750337CC195DBFB800720881 /* Resources */ = {
			isa = PBXResourcesBuildPhase;
			buildActionMask = 2147483647;
			files = (
			);
			runOnlyForDeploymentPostprocessing = 0;
		};
/* End PBXResourcesBuildPhase section */

/* Begin PBXSourcesBuildPhase section */
		750337B8195DBFB700720881 /* Sources */ = {
			isa = PBXSourcesBuildPhase;
			buildActionMask = 2147483647;
			files = (
				750337C4195DBFB800720881 /* ViewController.swift in Sources */,
				750337C2195DBFB800720881 /* AppDelegate.swift in Sources */,
				7568860E195DCAA0006428EC /* PreferencesViewController.swift in Sources */,
			);
			runOnlyForDeploymentPostprocessing = 0;
		};
		750337CA195DBFB800720881 /* Sources */ = {
			isa = PBXSourcesBuildPhase;
			buildActionMask = 2147483647;
			files = (
				750337D5195DBFB800720881 /* Japa_ProgressTests.swift in Sources */,
			);
			runOnlyForDeploymentPostprocessing = 0;
		};
/* End PBXSourcesBuildPhase section */

/* Begin PBXTargetDependency section */
		750337D0195DBFB800720881 /* PBXTargetDependency */ = {
			isa = PBXTargetDependency;
			target = 750337BB195DBFB700720881 /* Japa-Progress */;
			targetProxy = 750337CF195DBFB800720881 /* PBXContainerItemProxy */;
		};
/* End PBXTargetDependency section */

/* Begin PBXVariantGroup section */
		750337C5195DBFB800720881 /* Main.storyboard */ = {
			isa = PBXVariantGroup;
			children = (
				750337C6195DBFB800720881 /* Base */,
			);
			name = Main.storyboard;
			sourceTree = "<group>";
		};
/* End PBXVariantGroup section */

/* Begin XCBuildConfiguration section */
		750337D6195DBFB800720881 /* Debug */ = {
			isa = XCBuildConfiguration;
			buildSettings = {
				ALWAYS_SEARCH_USER_PATHS = NO;
				CLANG_CXX_LANGUAGE_STANDARD = "gnu++0x";
				CLANG_CXX_LIBRARY = "libc++";
				CLANG_ENABLE_MODULES = YES;
				CLANG_ENABLE_OBJC_ARC = YES;
				CLANG_WARN_BOOL_CONVERSION = YES;
				CLANG_WARN_CONSTANT_CONVERSION = YES;
				CLANG_WARN_DIRECT_OBJC_ISA_USAGE = YES_ERROR;
				CLANG_WARN_EMPTY_BODY = YES;
				CLANG_WARN_ENUM_CONVERSION = YES;
				CLANG_WARN_INT_CONVERSION = YES;
				CLANG_WARN_OBJC_ROOT_CLASS = YES_ERROR;
				CLANG_WARN_UNREACHABLE_CODE = YES;
				CLANG_WARN__DUPLICATE_METHOD_MATCH = YES;
				"CODE_SIGN_IDENTITY[sdk=iphoneos*]" = "iPhone Developer";
				COPY_PHASE_STRIP = NO;
				ENABLE_STRICT_OBJC_MSGSEND = YES;
				GCC_C_LANGUAGE_STANDARD = gnu99;
				GCC_DYNAMIC_NO_PIC = NO;
				GCC_OPTIMIZATION_LEVEL = 0;
				GCC_PREPROCESSOR_DEFINITIONS = (
					"DEBUG=1",
					"$(inherited)",
				);
				GCC_SYMBOLS_PRIVATE_EXTERN = NO;
				GCC_WARN_64_TO_32_BIT_CONVERSION = YES;
				GCC_WARN_ABOUT_RETURN_TYPE = YES_ERROR;
				GCC_WARN_UNDECLARED_SELECTOR = YES;
				GCC_WARN_UNINITIALIZED_AUTOS = YES_AGGRESSIVE;
				GCC_WARN_UNUSED_FUNCTION = YES;
				GCC_WARN_UNUSED_VARIABLE = YES;
				IPHONEOS_DEPLOYMENT_TARGET = 8.0;
				METAL_ENABLE_DEBUG_INFO = YES;
				ONLY_ACTIVE_ARCH = YES;
				SDKROOT = iphoneos;
				SWIFT_OPTIMIZATION_LEVEL = "-Onone";
				TARGETED_DEVICE_FAMILY = "1,2";
			};
			name = Debug;
		};
		750337D7195DBFB800720881 /* Release */ = {
			isa = XCBuildConfiguration;
			buildSettings = {
				ALWAYS_SEARCH_USER_PATHS = NO;
				CLANG_CXX_LANGUAGE_STANDARD = "gnu++0x";
				CLANG_CXX_LIBRARY = "libc++";
				CLANG_ENABLE_MODULES = YES;
				CLANG_ENABLE_OBJC_ARC = YES;
				CLANG_WARN_BOOL_CONVERSION = YES;
				CLANG_WARN_CONSTANT_CONVERSION = YES;
				CLANG_WARN_DIRECT_OBJC_ISA_USAGE = YES_ERROR;
				CLANG_WARN_EMPTY_BODY = YES;
				CLANG_WARN_ENUM_CONVERSION = YES;
				CLANG_WARN_INT_CONVERSION = YES;
				CLANG_WARN_OBJC_ROOT_CLASS = YES_ERROR;
				CLANG_WARN_UNREACHABLE_CODE = YES;
				CLANG_WARN__DUPLICATE_METHOD_MATCH = YES;
				"CODE_SIGN_IDENTITY[sdk=iphoneos*]" = "iPhone Developer";
				COPY_PHASE_STRIP = YES;
				ENABLE_NS_ASSERTIONS = NO;
				ENABLE_STRICT_OBJC_MSGSEND = YES;
				GCC_C_LANGUAGE_STANDARD = gnu99;
				GCC_WARN_64_TO_32_BIT_CONVERSION = YES;
				GCC_WARN_ABOUT_RETURN_TYPE = YES_ERROR;
				GCC_WARN_UNDECLARED_SELECTOR = YES;
				GCC_WARN_UNINITIALIZED_AUTOS = YES_AGGRESSIVE;
				GCC_WARN_UNUSED_FUNCTION = YES;
				GCC_WARN_UNUSED_VARIABLE = YES;
				IPHONEOS_DEPLOYMENT_TARGET = 8.0;
				METAL_ENABLE_DEBUG_INFO = NO;
				SDKROOT = iphoneos;
				TARGETED_DEVICE_FAMILY = "1,2";
				VALIDATE_PRODUCT = YES;
			};
			name = Release;
		};
		750337D9195DBFB800720881 /* Debug */ = {
			isa = XCBuildConfiguration;
			buildSettings = {
				ASSETCATALOG_COMPILER_APPICON_NAME = AppIcon;
				ASSETCATALOG_COMPILER_LAUNCHIMAGE_NAME = LaunchImage;
				INFOPLIST_FILE = "Japa-Progress/Info.plist";
				IPHONEOS_DEPLOYMENT_TARGET = 7.0;
				LD_RUNPATH_SEARCH_PATHS = "$(inherited) @executable_path/Frameworks";
				PRODUCT_NAME = "$(TARGET_NAME)";
				SYMROOT = ../build;
			};
			name = Debug;
		};
		750337DA195DBFB800720881 /* Release */ = {
			isa = XCBuildConfiguration;
			buildSettings = {
				ASSETCATALOG_COMPILER_APPICON_NAME = AppIcon;
				ASSETCATALOG_COMPILER_LAUNCHIMAGE_NAME = LaunchImage;
				INFOPLIST_FILE = "Japa-Progress/Info.plist";
				IPHONEOS_DEPLOYMENT_TARGET = 7.0;
				LD_RUNPATH_SEARCH_PATHS = "$(inherited) @executable_path/Frameworks";
				PRODUCT_NAME = "$(TARGET_NAME)";
				SYMROOT = ../build;
			};
			name = Release;
		};
		750337DC195DBFB800720881 /* Debug */ = {
			isa = XCBuildConfiguration;
			buildSettings = {
				BUNDLE_LOADER = "$(BUILT_PRODUCTS_DIR)/Japa-Progress.app/Japa-Progress";
				FRAMEWORK_SEARCH_PATHS = (
					"$(SDKROOT)/Developer/Library/Frameworks",
					"$(inherited)",
				);
				GCC_PREPROCESSOR_DEFINITIONS = (
					"DEBUG=1",
					"$(inherited)",
				);
				INFOPLIST_FILE = "Japa-ProgressTests/Info.plist";
				LD_RUNPATH_SEARCH_PATHS = "$(inherited) @executable_path/Frameworks @loader_path/Frameworks";
				METAL_ENABLE_DEBUG_INFO = YES;
				PRODUCT_NAME = "$(TARGET_NAME)";
				TEST_HOST = "$(BUNDLE_LOADER)";
			};
			name = Debug;
		};
		750337DD195DBFB800720881 /* Release */ = {
			isa = XCBuildConfiguration;
			buildSettings = {
				BUNDLE_LOADER = "$(BUILT_PRODUCTS_DIR)/Japa-Progress.app/Japa-Progress";
				FRAMEWORK_SEARCH_PATHS = (
					"$(SDKROOT)/Developer/Library/Frameworks",
					"$(inherited)",
				);
				INFOPLIST_FILE = "Japa-ProgressTests/Info.plist";
				LD_RUNPATH_SEARCH_PATHS = "$(inherited) @executable_path/Frameworks @loader_path/Frameworks";
				METAL_ENABLE_DEBUG_INFO = NO;
				PRODUCT_NAME = "$(TARGET_NAME)";
				TEST_HOST = "$(BUNDLE_LOADER)";
			};
			name = Release;
		};
/* End XCBuildConfiguration section */

/* Begin XCConfigurationList section */
		750337B7195DBFB700720881 /* Build configuration list for PBXProject "Japa-Progress" */ = {
			isa = XCConfigurationList;
			buildConfigurations = (
				750337D6195DBFB800720881 /* Debug */,
				750337D7195DBFB800720881 /* Release */,
			);
			defaultConfigurationIsVisible = 0;
			defaultConfigurationName = Release;
		};
		750337D8195DBFB800720881 /* Build configuration list for PBXNativeTarget "Japa-Progress" */ = {
			isa = XCConfigurationList;
			buildConfigurations = (
				750337D9195DBFB800720881 /* Debug */,
				750337DA195DBFB800720881 /* Release */,
			);
			defaultConfigurationIsVisible = 0;
			defaultConfigurationName = Release;
		};
		750337DB195DBFB800720881 /* Build configuration list for PBXNativeTarget "Japa-ProgressTests" */ = {
			isa = XCConfigurationList;
			buildConfigurations = (
				750337DC195DBFB800720881 /* Debug */,
				750337DD195DBFB800720881 /* Release */,
			);
			defaultConfigurationIsVisible = 0;
			defaultConfigurationName = Release;
		};
/* End XCConfigurationList section */
	};
	rootObject = 750337B4195DBFB700720881 /* Project object */;
}
